
Microsoft Visual Studio Solution File, Format Version 12.00
Project("{FAE04EC0-301F-11D3-BF4B-00C04F79EFBC}") = "OpAdminDomain", "OpAdminDomain\OpAdminDomain.csproj", "{53DCFF8C-CA62-4035-8829-6CAEE76AC4C4}"
EndProject
Project("{FAE04EC0-301F-11D3-BF4B-00C04F79EFBC}") = "OpAdminEngine", "OpAdminEngine\OpAdminEngine.csproj", "{DDDEBEC8-854D-48A7-9791-261C66EACE88}"
EndProject
Project("{FAE04EC0-301F-11D3-BF4B-00C04F79EFBC}") = "OpAdminStorageLibrary", "OpAdminStorageLibrary\OpAdminStorageLibrary.csproj", "{DAA115D8-F84F-47F7-9465-EFAFE33C3E95}"
EndProject
Project("{FAE04EC0-301F-11D3-BF4B-00C04F79EFBC}") = "Commons", "Commons\Commons.csproj", "{DE311AE6-C51E-449E-AFDA-AD5E17CB3386}"
EndProject
Project("{FAE04EC0-301F-11D3-BF4B-00C04F79EFBC}") = "OpAdminEngineTests", "OpAdminEngineTests\OpAdminEngineTests.csproj", "{D999E414-3E11-4086-A100-5B602BF5EB90}"
EndProject
Project("{2150E333-8FDC-42A3-9474-1A3956D46DE8}") = "OpAdmin", "OpAdmin", "{55A55386-F025-4D8B-8CBD-717F74FE5A0F}"
EndProject
Project("{2150E333-8FDC-42A3-9474-1A3956D46DE8}") = "Endpoints", "Endpoints", "{2492F6AE-6DF1-4CE4-9563-65B679622859}"
EndProject
Project("{2150E333-8FDC-42A3-9474-1A3956D46DE8}") = "Services", "Services", "{0B74AB67-89B5-409F-A54C-85B2FC208BDD}"
EndProject
Project("{2150E333-8FDC-42A3-9474-1A3956D46DE8}") = "Commands", "Commands", "{EC81F4A3-F2C9-4891-A713-4D3DB803D299}"
EndProject
Project("{2150E333-8FDC-42A3-9474-1A3956D46DE8}") = "Queries", "Queries", "{4A2194FF-CF53-4500-8006-CCA1DC8340CC}"
EndProject
Project("{FAE04EC0-301F-11D3-BF4B-00C04F79EFBC}") = "OpAdminApi", "OperationsAdmin\Endpoints\OpAdminApi\OpAdminApi.csproj", "{A2BCC2DD-6BB1-49A2-ADC7-0D75F20A4D45}"
EndProject
Project("{FAE04EC0-301F-11D3-BF4B-00C04F79EFBC}") = "OpAdminApiBootstrap", "OperationsAdmin\Endpoints\OpAdminApiBootstrap\OpAdminApiBootstrap.csproj", "{2B83B30B-B67F-4EC5-9574-378B7E40DF54}"
EndProject
Project("{FAE04EC0-301F-11D3-BF4B-00C04F79EFBC}") = "OpAdminApiTest", "OperationsAdmin\Endpoints\OpAdminApiTest\OpAdminApiTest.csproj", "{F2736E3A-C621-4ED6-830C-8074A71DFCC2}"
EndProject
Project("{FAE04EC0-301F-11D3-BF4B-00C04F79EFBC}") = "OpAdminCommandTest", "OperationsAdmin\Services\Commands\OpAdminCommandTest\OpAdminCommandTest.csproj", "{CE4911AF-FEB8-4B19-8AB8-7AE3AFA78AEE}"
EndProject
Project("{FAE04EC0-301F-11D3-BF4B-00C04F79EFBC}") = "OpAdminQuery", "OperationsAdmin\Services\Queries\OpAdminQuery\OpAdminQuery.csproj", "{501887F8-E61B-4C84-A6BF-494475481EB6}"
EndProject
Project("{FAE04EC0-301F-11D3-BF4B-00C04F79EFBC}") = "OpAdminQueryBootstrap", "OperationsAdmin\Services\Queries\OpAdminQueryBootstrap\OpAdminQueryBootstrap.csproj", "{E44EC742-22FA-43D1-9534-5CBB3E7B9633}"
EndProject
Project("{FAE04EC0-301F-11D3-BF4B-00C04F79EFBC}") = "OpAdminQueryTest", "OperationsAdmin\Services\Queries\OpAdminQueryTest\OpAdminQueryTest.csproj", "{19F1509B-82F7-43AE-9D6A-8C8245031426}"
EndProject
Project("{FAE04EC0-301F-11D3-BF4B-00C04F79EFBC}") = "OpAdminCommand", "OperationsAdmin\Services\Commands\OpAdminCommand\OpAdminCommand.csproj", "{D7AEC900-E648-4D6A-8BA6-84ECFF77FB63}"
EndProject
Project("{FAE04EC0-301F-11D3-BF4B-00C04F79EFBC}") = "OpAdminCommandBootstrap", "OperationsAdmin\Services\Commands\OpAdminCommandBootstrap\OpAdminCommandBootstrap.csproj", "{99EC41F4-BB8F-40A9-9916-A26C645B9A1A}"
EndProject
Global
	GlobalSection(SolutionConfigurationPlatforms) = preSolution
		Debug|Any CPU = Debug|Any CPU
		Release|Any CPU = Release|Any CPU
	EndGlobalSection
	GlobalSection(ProjectConfigurationPlatforms) = postSolution
		{53DCFF8C-CA62-4035-8829-6CAEE76AC4C4}.Debug|Any CPU.ActiveCfg = Debug|Any CPU
		{53DCFF8C-CA62-4035-8829-6CAEE76AC4C4}.Debug|Any CPU.Build.0 = Debug|Any CPU
		{53DCFF8C-CA62-4035-8829-6CAEE76AC4C4}.Release|Any CPU.ActiveCfg = Release|Any CPU
		{53DCFF8C-CA62-4035-8829-6CAEE76AC4C4}.Release|Any CPU.Build.0 = Release|Any CPU
		{DDDEBEC8-854D-48A7-9791-261C66EACE88}.Debug|Any CPU.ActiveCfg = Debug|Any CPU
		{DDDEBEC8-854D-48A7-9791-261C66EACE88}.Debug|Any CPU.Build.0 = Debug|Any CPU
		{DDDEBEC8-854D-48A7-9791-261C66EACE88}.Release|Any CPU.ActiveCfg = Release|Any CPU
		{DDDEBEC8-854D-48A7-9791-261C66EACE88}.Release|Any CPU.Build.0 = Release|Any CPU
		{DAA115D8-F84F-47F7-9465-EFAFE33C3E95}.Debug|Any CPU.ActiveCfg = Debug|Any CPU
		{DAA115D8-F84F-47F7-9465-EFAFE33C3E95}.Debug|Any CPU.Build.0 = Debug|Any CPU
		{DAA115D8-F84F-47F7-9465-EFAFE33C3E95}.Release|Any CPU.ActiveCfg = Release|Any CPU
		{DAA115D8-F84F-47F7-9465-EFAFE33C3E95}.Release|Any CPU.Build.0 = Release|Any CPU
		{DE311AE6-C51E-449E-AFDA-AD5E17CB3386}.Debug|Any CPU.ActiveCfg = Debug|Any CPU
		{DE311AE6-C51E-449E-AFDA-AD5E17CB3386}.Debug|Any CPU.Build.0 = Debug|Any CPU
		{DE311AE6-C51E-449E-AFDA-AD5E17CB3386}.Release|Any CPU.ActiveCfg = Release|Any CPU
		{DE311AE6-C51E-449E-AFDA-AD5E17CB3386}.Release|Any CPU.Build.0 = Release|Any CPU
		{D999E414-3E11-4086-A100-5B602BF5EB90}.Debug|Any CPU.ActiveCfg = Debug|Any CPU
		{D999E414-3E11-4086-A100-5B602BF5EB90}.Debug|Any CPU.Build.0 = Debug|Any CPU
		{D999E414-3E11-4086-A100-5B602BF5EB90}.Release|Any CPU.ActiveCfg = Release|Any CPU
		{D999E414-3E11-4086-A100-5B602BF5EB90}.Release|Any CPU.Build.0 = Release|Any CPU
		{A2BCC2DD-6BB1-49A2-ADC7-0D75F20A4D45}.Debug|Any CPU.ActiveCfg = Debug|Any CPU
		{A2BCC2DD-6BB1-49A2-ADC7-0D75F20A4D45}.Debug|Any CPU.Build.0 = Debug|Any CPU
		{A2BCC2DD-6BB1-49A2-ADC7-0D75F20A4D45}.Release|Any CPU.ActiveCfg = Release|Any CPU
		{A2BCC2DD-6BB1-49A2-ADC7-0D75F20A4D45}.Release|Any CPU.Build.0 = Release|Any CPU
		{2B83B30B-B67F-4EC5-9574-378B7E40DF54}.Debug|Any CPU.ActiveCfg = Debug|Any CPU
		{2B83B30B-B67F-4EC5-9574-378B7E40DF54}.Debug|Any CPU.Build.0 = Debug|Any CPU
		{2B83B30B-B67F-4EC5-9574-378B7E40DF54}.Release|Any CPU.ActiveCfg = Release|Any CPU
		{2B83B30B-B67F-4EC5-9574-378B7E40DF54}.Release|Any CPU.Build.0 = Release|Any CPU
		{F2736E3A-C621-4ED6-830C-8074A71DFCC2}.Debug|Any CPU.ActiveCfg = Debug|Any CPU
		{F2736E3A-C621-4ED6-830C-8074A71DFCC2}.Debug|Any CPU.Build.0 = Debug|Any CPU
		{F2736E3A-C621-4ED6-830C-8074A71DFCC2}.Release|Any CPU.ActiveCfg = Release|Any CPU
		{F2736E3A-C621-4ED6-830C-8074A71DFCC2}.Release|Any CPU.Build.0 = Release|Any CPU
		{CE4911AF-FEB8-4B19-8AB8-7AE3AFA78AEE}.Debug|Any CPU.ActiveCfg = Debug|Any CPU
		{CE4911AF-FEB8-4B19-8AB8-7AE3AFA78AEE}.Debug|Any CPU.Build.0 = Debug|Any CPU
		{CE4911AF-FEB8-4B19-8AB8-7AE3AFA78AEE}.Release|Any CPU.ActiveCfg = Release|Any CPU
		{CE4911AF-FEB8-4B19-8AB8-7AE3AFA78AEE}.Release|Any CPU.Build.0 = Release|Any CPU
		{501887F8-E61B-4C84-A6BF-494475481EB6}.Debug|Any CPU.ActiveCfg = Debug|Any CPU
		{501887F8-E61B-4C84-A6BF-494475481EB6}.Debug|Any CPU.Build.0 = Debug|Any CPU
		{501887F8-E61B-4C84-A6BF-494475481EB6}.Release|Any CPU.ActiveCfg = Release|Any CPU
		{501887F8-E61B-4C84-A6BF-494475481EB6}.Release|Any CPU.Build.0 = Release|Any CPU
		{E44EC742-22FA-43D1-9534-5CBB3E7B9633}.Debug|Any CPU.ActiveCfg = Debug|Any CPU
		{E44EC742-22FA-43D1-9534-5CBB3E7B9633}.Debug|Any CPU.Build.0 = Debug|Any CPU
		{E44EC742-22FA-43D1-9534-5CBB3E7B9633}.Release|Any CPU.ActiveCfg = Release|Any CPU
		{E44EC742-22FA-43D1-9534-5CBB3E7B9633}.Release|Any CPU.Build.0 = Release|Any CPU
		{19F1509B-82F7-43AE-9D6A-8C8245031426}.Debug|Any CPU.ActiveCfg = Debug|Any CPU
		{19F1509B-82F7-43AE-9D6A-8C8245031426}.Debug|Any CPU.Build.0 = Debug|Any CPU
		{19F1509B-82F7-43AE-9D6A-8C8245031426}.Release|Any CPU.ActiveCfg = Release|Any CPU
		{19F1509B-82F7-43AE-9D6A-8C8245031426}.Release|Any CPU.Build.0 = Release|Any CPU
		{D7AEC900-E648-4D6A-8BA6-84ECFF77FB63}.Debug|Any CPU.ActiveCfg = Debug|Any CPU
		{D7AEC900-E648-4D6A-8BA6-84ECFF77FB63}.Debug|Any CPU.Build.0 = Debug|Any CPU
		{D7AEC900-E648-4D6A-8BA6-84ECFF77FB63}.Release|Any CPU.ActiveCfg = Release|Any CPU
		{D7AEC900-E648-4D6A-8BA6-84ECFF77FB63}.Release|Any CPU.Build.0 = Release|Any CPU
		{99EC41F4-BB8F-40A9-9916-A26C645B9A1A}.Debug|Any CPU.ActiveCfg = Debug|Any CPU
		{99EC41F4-BB8F-40A9-9916-A26C645B9A1A}.Debug|Any CPU.Build.0 = Debug|Any CPU
		{99EC41F4-BB8F-40A9-9916-A26C645B9A1A}.Release|Any CPU.ActiveCfg = Release|Any CPU
		{99EC41F4-BB8F-40A9-9916-A26C645B9A1A}.Release|Any CPU.Build.0 = Release|Any CPU
	EndGlobalSection
	GlobalSection(NestedProjects) = preSolution
		{2492F6AE-6DF1-4CE4-9563-65B679622859} = {55A55386-F025-4D8B-8CBD-717F74FE5A0F}
		{0B74AB67-89B5-409F-A54C-85B2FC208BDD} = {55A55386-F025-4D8B-8CBD-717F74FE5A0F}
		{EC81F4A3-F2C9-4891-A713-4D3DB803D299} = {0B74AB67-89B5-409F-A54C-85B2FC208BDD}
		{4A2194FF-CF53-4500-8006-CCA1DC8340CC} = {0B74AB67-89B5-409F-A54C-85B2FC208BDD}
		{A2BCC2DD-6BB1-49A2-ADC7-0D75F20A4D45} = {2492F6AE-6DF1-4CE4-9563-65B679622859}
		{2B83B30B-B67F-4EC5-9574-378B7E40DF54} = {2492F6AE-6DF1-4CE4-9563-65B679622859}
		{F2736E3A-C621-4ED6-830C-8074A71DFCC2} = {2492F6AE-6DF1-4CE4-9563-65B679622859}
		{CE4911AF-FEB8-4B19-8AB8-7AE3AFA78AEE} = {EC81F4A3-F2C9-4891-A713-4D3DB803D299}
		{501887F8-E61B-4C84-A6BF-494475481EB6} = {4A2194FF-CF53-4500-8006-CCA1DC8340CC}
		{E44EC742-22FA-43D1-9534-5CBB3E7B9633} = {4A2194FF-CF53-4500-8006-CCA1DC8340CC}
		{19F1509B-82F7-43AE-9D6A-8C8245031426} = {4A2194FF-CF53-4500-8006-CCA1DC8340CC}
		{D7AEC900-E648-4D6A-8BA6-84ECFF77FB63} = {EC81F4A3-F2C9-4891-A713-4D3DB803D299}
		{99EC41F4-BB8F-40A9-9916-A26C645B9A1A} = {EC81F4A3-F2C9-4891-A713-4D3DB803D299}
	EndGlobalSection
EndGlobal
