
Microsoft Visual Studio Solution File, Format Version 12.00
Project("{FAE04EC0-301F-11D3-BF4B-00C04F79EFBC}") = "OpAdminDomain", "OpAdminDomain\OpAdminDomain.csproj", "{53DCFF8C-CA62-4035-8829-6CAEE76AC4C4}"
EndProject
Project("{FAE04EC0-301F-11D3-BF4B-00C04F79EFBC}") = "OpAdminEngine", "OpAdminEngine\OpAdminEngine.csproj", "{DDDEBEC8-854D-48A7-9791-261C66EACE88}"
EndProject
Project("{FAE04EC0-301F-11D3-BF4B-00C04F79EFBC}") = "OpAdminStorageLibrary", "OpAdminStorageLibrary\OpAdminStorageLibrary.csproj", "{DAA115D8-F84F-47F7-9465-EFAFE33C3E95}"
EndProject
Project("{FAE04EC0-301F-11D3-BF4B-00C04F79EFBC}") = "Commons", "Commons\Commons.csproj", "{DE311AE6-C51E-449E-AFDA-AD5E17CB3386}"
EndProject
Project("{FAE04EC0-301F-11D3-BF4B-00C04F79EFBC}") = "OpAdminEngineTests", "OpAdminEngineTests\OpAdminEngineTests.csproj", "{D999E414-3E11-4086-A100-5B602BF5EB90}"
EndProject
Project("{2150E333-8FDC-42A3-9474-1A3956D46DE8}") = "Accounts", "Accounts", "{55A55386-F025-4D8B-8CBD-717F74FE5A0F}"
EndProject
Project("{2150E333-8FDC-42A3-9474-1A3956D46DE8}") = "Endpoints", "Endpoints", "{2492F6AE-6DF1-4CE4-9563-65B679622859}"
EndProject
Project("{2150E333-8FDC-42A3-9474-1A3956D46DE8}") = "Services", "Services", "{0B74AB67-89B5-409F-A54C-85B2FC208BDD}"
EndProject
Project("{2150E333-8FDC-42A3-9474-1A3956D46DE8}") = "Commands", "Commands", "{EC81F4A3-F2C9-4891-A713-4D3DB803D299}"
EndProject
Project("{2150E333-8FDC-42A3-9474-1A3956D46DE8}") = "Queries", "Queries", "{4A2194FF-CF53-4500-8006-CCA1DC8340CC}"
EndProject
Project("{FAE04EC0-301F-11D3-BF4B-00C04F79EFBC}") = "AccountsApi", "OperationsAdmin\Endpoints\AccountsApi\AccountsApi.csproj", "{A2BCC2DD-6BB1-49A2-ADC7-0D75F20A4D45}"
EndProject
Project("{FAE04EC0-301F-11D3-BF4B-00C04F79EFBC}") = "AccountsApiBootstrap", "OperationsAdmin\Endpoints\AccountsApiBootstrap\AccountsApiBootstrap.csproj", "{2B83B30B-B67F-4EC5-9574-378B7E40DF54}"
EndProject
Project("{FAE04EC0-301F-11D3-BF4B-00C04F79EFBC}") = "AccountsApiTest", "OperationsAdmin\Endpoints\AccountsApiTest\AccountsApiTest.csproj", "{F2736E3A-C621-4ED6-830C-8074A71DFCC2}"
EndProject
Project("{FAE04EC0-301F-11D3-BF4B-00C04F79EFBC}") = "AccountsCommandTest", "OperationsAdmin\Services\Commands\AccountsCommandTest\AccountsCommandTest.csproj", "{CE4911AF-FEB8-4B19-8AB8-7AE3AFA78AEE}"
EndProject
Project("{FAE04EC0-301F-11D3-BF4B-00C04F79EFBC}") = "AccountsQuery", "OperationsAdmin\Services\Queries\AccountsQuery\AccountsQuery.csproj", "{501887F8-E61B-4C84-A6BF-494475481EB6}"
EndProject
Project("{FAE04EC0-301F-11D3-BF4B-00C04F79EFBC}") = "AccountsQueryBootstrap", "OperationsAdmin\Services\Queries\AccountsQueryBootstrap\AccountsQueryBootstrap.csproj", "{E44EC742-22FA-43D1-9534-5CBB3E7B9633}"
EndProject
Project("{FAE04EC0-301F-11D3-BF4B-00C04F79EFBC}") = "AccountsQueryTest", "OperationsAdmin\Services\Queries\AccountsQueryTest\AccountsQueryTest.csproj", "{19F1509B-82F7-43AE-9D6A-8C8245031426}"
EndProject
Project("{FAE04EC0-301F-11D3-BF4B-00C04F79EFBC}") = "AccountsCommand", "OperationsAdmin\Services\Commands\AccountsCommand\AccountsCommand.csproj", "{D7AEC900-E648-4D6A-8BA6-84ECFF77FB63}"
EndProject
Project("{FAE04EC0-301F-11D3-BF4B-00C04F79EFBC}") = "AccountsCommandBootstrap", "OperationsAdmin\Services\Commands\AccountsCommandBootstrap\AccountsCommandBootstrap.csproj", "{99EC41F4-BB8F-40A9-9916-A26C645B9A1A}"
EndProject
Project("{2150E333-8FDC-42A3-9474-1A3956D46DE8}") = "Users", "Users", "{3FC5EC22-2BC2-4E52-832D-595FC7A82F8B}"
EndProject
Project("{2150E333-8FDC-42A3-9474-1A3956D46DE8}") = "Endpoints", "Endpoints", "{6F88A2D2-4CDA-48E9-8464-068D53F162E6}"
EndProject
Project("{2150E333-8FDC-42A3-9474-1A3956D46DE8}") = "Services", "Services", "{5251BDCB-7991-4DFC-8664-DD54895D8B58}"
EndProject
Project("{FAE04EC0-301F-11D3-BF4B-00C04F79EFBC}") = "UsersApi", "Users\Endpoints\UsersApi\UsersApi.csproj", "{12396B70-B6C8-4E18-9592-4A9BF4988E56}"
EndProject
Project("{FAE04EC0-301F-11D3-BF4B-00C04F79EFBC}") = "UsersApiBootstrap", "Users\Endpoints\UsersApiBootstrap\UsersApiBootstrap.csproj", "{36F4639B-31A3-4139-80FB-C54B84EABD51}"
EndProject
Project("{FAE04EC0-301F-11D3-BF4B-00C04F79EFBC}") = "UsersApiTests", "Users\Endpoints\UsersApiTests\UsersApiTests.csproj", "{F433F48A-FA70-41EE-904B-55377C8EEBE7}"
EndProject
Project("{2150E333-8FDC-42A3-9474-1A3956D46DE8}") = "Commands", "Commands", "{B2C292F3-FBBD-4B35-934E-71D7245FD0C5}"
EndProject
Project("{2150E333-8FDC-42A3-9474-1A3956D46DE8}") = "Queries", "Queries", "{E3C19CC9-94EF-4250-B57D-EB792736F346}"
EndProject
Project("{FAE04EC0-301F-11D3-BF4B-00C04F79EFBC}") = "UsersCommand", "Users\Services\Commands\UsersCommand\UsersCommand.csproj", "{CF97EF95-3061-4023-BA78-B6477C3DA7D7}"
EndProject
Project("{FAE04EC0-301F-11D3-BF4B-00C04F79EFBC}") = "UsersCommandBootstrap", "Users\Services\Commands\UsersCommandBootstrap\UsersCommandBootstrap.csproj", "{801DD953-041C-4224-A460-8570CDB0F359}"
EndProject
Project("{FAE04EC0-301F-11D3-BF4B-00C04F79EFBC}") = "UsersCommandTests", "Users\Services\Commands\UsersCommandTests\UsersCommandTests.csproj", "{C4B2ABDB-5A25-4BD5-8E58-402F286BC53F}"
EndProject
Project("{FAE04EC0-301F-11D3-BF4B-00C04F79EFBC}") = "UsersQuery", "Users\Services\Queries\UsersQuery\UsersQuery.csproj", "{2239766C-21D6-4F89-B95B-CB97450A3BBA}"
EndProject
Project("{FAE04EC0-301F-11D3-BF4B-00C04F79EFBC}") = "UsersQueryBootstrap", "Users\Services\Queries\UsersQueryBootstrap\UsersQueryBootstrap.csproj", "{F52B747E-7EFD-401B-9010-456F7B87F515}"
EndProject
Project("{FAE04EC0-301F-11D3-BF4B-00C04F79EFBC}") = "UsersQueryTests", "Users\Services\Queries\UsersQueryTests\UsersQueryTests.csproj", "{4C760B85-1D96-4356-8024-700CFD4B8EC1}"
EndProject
Project("{2150E333-8FDC-42A3-9474-1A3956D46DE8}") = "CommonStorage", "CommonStorage", "{ADC95F3A-47AB-433A-A865-E6FB784E263D}"
EndProject
Project("{2150E333-8FDC-42A3-9474-1A3956D46DE8}") = "Services", "Services", "{A7AB5F51-3663-4BEB-BC2F-B390F5E48912}"
EndProject
Project("{2150E333-8FDC-42A3-9474-1A3956D46DE8}") = "Queries", "Queries", "{A5752B69-E0EB-44DE-AA3B-DDE074AB3390}"
EndProject
Project("{FAE04EC0-301F-11D3-BF4B-00C04F79EFBC}") = "CommonStorageQuery", "CommonStorage\Services\Queries\CommonStorageQuery\CommonStorageQuery.csproj", "{70CB5337-451B-4DD9-B94F-5EE9DF99D86C}"
EndProject
Project("{FAE04EC0-301F-11D3-BF4B-00C04F79EFBC}") = "CommonStorageQueryBootstrap", "CommonStorage\Services\Queries\CommonStorageQueryBootstrap\CommonStorageQueryBootstrap.csproj", "{A8BF279F-DC57-4163-A422-E5B3641B516B}"
EndProject
Project("{FAE04EC0-301F-11D3-BF4B-00C04F79EFBC}") = "CommonStorageQueryTests", "CommonStorage\Services\Queries\CommonStorageQueryTests\CommonStorageQueryTests.csproj", "{3EC64AA4-7C8D-4DE3-AC79-EBB2847F673D}"
EndProject
Project("{2150E333-8FDC-42A3-9474-1A3956D46DE8}") = "Commands", "Commands", "{EF4F8B49-000D-42BE-A0F9-F6C38894E760}"
EndProject
Project("{FAE04EC0-301F-11D3-BF4B-00C04F79EFBC}") = "CommonStorageCommand", "CommonStorage\Services\Commands\CommonStorageCommand\CommonStorageCommand.csproj", "{D77D68B5-0421-4ACE-A0E7-408AA602EAA5}"
EndProject
Project("{FAE04EC0-301F-11D3-BF4B-00C04F79EFBC}") = "CommonStorageCommandBootstrap", "CommonStorage\Services\Commands\CommonStorageCommandBootstrap\CommonStorageCommandBootstrap.csproj", "{2FFE9C30-09D1-4C7C-A9EE-98E09ACE5DDA}"
EndProject
Project("{FAE04EC0-301F-11D3-BF4B-00C04F79EFBC}") = "CommonStorageCommandTests", "CommonStorage\Services\Commands\CommonStorageCommandTests\CommonStorageCommandTests.csproj", "{C8CCA3FD-35E2-4056-8D40-CE906DB54FFA}"
EndProject
Global
	GlobalSection(SolutionConfigurationPlatforms) = preSolution
		Debug|Any CPU = Debug|Any CPU
		Release|Any CPU = Release|Any CPU
	EndGlobalSection
	GlobalSection(ProjectConfigurationPlatforms) = postSolution
		{53DCFF8C-CA62-4035-8829-6CAEE76AC4C4}.Debug|Any CPU.ActiveCfg = Debug|Any CPU
		{53DCFF8C-CA62-4035-8829-6CAEE76AC4C4}.Debug|Any CPU.Build.0 = Debug|Any CPU
		{53DCFF8C-CA62-4035-8829-6CAEE76AC4C4}.Release|Any CPU.ActiveCfg = Release|Any CPU
		{53DCFF8C-CA62-4035-8829-6CAEE76AC4C4}.Release|Any CPU.Build.0 = Release|Any CPU
		{DDDEBEC8-854D-48A7-9791-261C66EACE88}.Debug|Any CPU.ActiveCfg = Debug|Any CPU
		{DDDEBEC8-854D-48A7-9791-261C66EACE88}.Debug|Any CPU.Build.0 = Debug|Any CPU
		{DDDEBEC8-854D-48A7-9791-261C66EACE88}.Release|Any CPU.ActiveCfg = Release|Any CPU
		{DDDEBEC8-854D-48A7-9791-261C66EACE88}.Release|Any CPU.Build.0 = Release|Any CPU
		{DAA115D8-F84F-47F7-9465-EFAFE33C3E95}.Debug|Any CPU.ActiveCfg = Debug|Any CPU
		{DAA115D8-F84F-47F7-9465-EFAFE33C3E95}.Debug|Any CPU.Build.0 = Debug|Any CPU
		{DAA115D8-F84F-47F7-9465-EFAFE33C3E95}.Release|Any CPU.ActiveCfg = Release|Any CPU
		{DAA115D8-F84F-47F7-9465-EFAFE33C3E95}.Release|Any CPU.Build.0 = Release|Any CPU
		{DE311AE6-C51E-449E-AFDA-AD5E17CB3386}.Debug|Any CPU.ActiveCfg = Debug|Any CPU
		{DE311AE6-C51E-449E-AFDA-AD5E17CB3386}.Debug|Any CPU.Build.0 = Debug|Any CPU
		{DE311AE6-C51E-449E-AFDA-AD5E17CB3386}.Release|Any CPU.ActiveCfg = Release|Any CPU
		{DE311AE6-C51E-449E-AFDA-AD5E17CB3386}.Release|Any CPU.Build.0 = Release|Any CPU
		{D999E414-3E11-4086-A100-5B602BF5EB90}.Debug|Any CPU.ActiveCfg = Debug|Any CPU
		{D999E414-3E11-4086-A100-5B602BF5EB90}.Debug|Any CPU.Build.0 = Debug|Any CPU
		{D999E414-3E11-4086-A100-5B602BF5EB90}.Release|Any CPU.ActiveCfg = Release|Any CPU
		{D999E414-3E11-4086-A100-5B602BF5EB90}.Release|Any CPU.Build.0 = Release|Any CPU
		{A2BCC2DD-6BB1-49A2-ADC7-0D75F20A4D45}.Debug|Any CPU.ActiveCfg = Debug|Any CPU
		{A2BCC2DD-6BB1-49A2-ADC7-0D75F20A4D45}.Debug|Any CPU.Build.0 = Debug|Any CPU
		{A2BCC2DD-6BB1-49A2-ADC7-0D75F20A4D45}.Release|Any CPU.ActiveCfg = Release|Any CPU
		{A2BCC2DD-6BB1-49A2-ADC7-0D75F20A4D45}.Release|Any CPU.Build.0 = Release|Any CPU
		{2B83B30B-B67F-4EC5-9574-378B7E40DF54}.Debug|Any CPU.ActiveCfg = Debug|Any CPU
		{2B83B30B-B67F-4EC5-9574-378B7E40DF54}.Debug|Any CPU.Build.0 = Debug|Any CPU
		{2B83B30B-B67F-4EC5-9574-378B7E40DF54}.Release|Any CPU.ActiveCfg = Release|Any CPU
		{2B83B30B-B67F-4EC5-9574-378B7E40DF54}.Release|Any CPU.Build.0 = Release|Any CPU
		{F2736E3A-C621-4ED6-830C-8074A71DFCC2}.Debug|Any CPU.ActiveCfg = Debug|Any CPU
		{F2736E3A-C621-4ED6-830C-8074A71DFCC2}.Debug|Any CPU.Build.0 = Debug|Any CPU
		{F2736E3A-C621-4ED6-830C-8074A71DFCC2}.Release|Any CPU.ActiveCfg = Release|Any CPU
		{F2736E3A-C621-4ED6-830C-8074A71DFCC2}.Release|Any CPU.Build.0 = Release|Any CPU
		{CE4911AF-FEB8-4B19-8AB8-7AE3AFA78AEE}.Debug|Any CPU.ActiveCfg = Debug|Any CPU
		{CE4911AF-FEB8-4B19-8AB8-7AE3AFA78AEE}.Debug|Any CPU.Build.0 = Debug|Any CPU
		{CE4911AF-FEB8-4B19-8AB8-7AE3AFA78AEE}.Release|Any CPU.ActiveCfg = Release|Any CPU
		{CE4911AF-FEB8-4B19-8AB8-7AE3AFA78AEE}.Release|Any CPU.Build.0 = Release|Any CPU
		{501887F8-E61B-4C84-A6BF-494475481EB6}.Debug|Any CPU.ActiveCfg = Debug|Any CPU
		{501887F8-E61B-4C84-A6BF-494475481EB6}.Debug|Any CPU.Build.0 = Debug|Any CPU
		{501887F8-E61B-4C84-A6BF-494475481EB6}.Release|Any CPU.ActiveCfg = Release|Any CPU
		{501887F8-E61B-4C84-A6BF-494475481EB6}.Release|Any CPU.Build.0 = Release|Any CPU
		{E44EC742-22FA-43D1-9534-5CBB3E7B9633}.Debug|Any CPU.ActiveCfg = Debug|Any CPU
		{E44EC742-22FA-43D1-9534-5CBB3E7B9633}.Debug|Any CPU.Build.0 = Debug|Any CPU
		{E44EC742-22FA-43D1-9534-5CBB3E7B9633}.Release|Any CPU.ActiveCfg = Release|Any CPU
		{E44EC742-22FA-43D1-9534-5CBB3E7B9633}.Release|Any CPU.Build.0 = Release|Any CPU
		{19F1509B-82F7-43AE-9D6A-8C8245031426}.Debug|Any CPU.ActiveCfg = Debug|Any CPU
		{19F1509B-82F7-43AE-9D6A-8C8245031426}.Debug|Any CPU.Build.0 = Debug|Any CPU
		{19F1509B-82F7-43AE-9D6A-8C8245031426}.Release|Any CPU.ActiveCfg = Release|Any CPU
		{19F1509B-82F7-43AE-9D6A-8C8245031426}.Release|Any CPU.Build.0 = Release|Any CPU
		{D7AEC900-E648-4D6A-8BA6-84ECFF77FB63}.Debug|Any CPU.ActiveCfg = Debug|Any CPU
		{D7AEC900-E648-4D6A-8BA6-84ECFF77FB63}.Debug|Any CPU.Build.0 = Debug|Any CPU
		{D7AEC900-E648-4D6A-8BA6-84ECFF77FB63}.Release|Any CPU.ActiveCfg = Release|Any CPU
		{D7AEC900-E648-4D6A-8BA6-84ECFF77FB63}.Release|Any CPU.Build.0 = Release|Any CPU
		{99EC41F4-BB8F-40A9-9916-A26C645B9A1A}.Debug|Any CPU.ActiveCfg = Debug|Any CPU
		{99EC41F4-BB8F-40A9-9916-A26C645B9A1A}.Debug|Any CPU.Build.0 = Debug|Any CPU
		{99EC41F4-BB8F-40A9-9916-A26C645B9A1A}.Release|Any CPU.ActiveCfg = Release|Any CPU
		{99EC41F4-BB8F-40A9-9916-A26C645B9A1A}.Release|Any CPU.Build.0 = Release|Any CPU
		{12396B70-B6C8-4E18-9592-4A9BF4988E56}.Debug|Any CPU.ActiveCfg = Debug|Any CPU
		{12396B70-B6C8-4E18-9592-4A9BF4988E56}.Debug|Any CPU.Build.0 = Debug|Any CPU
		{12396B70-B6C8-4E18-9592-4A9BF4988E56}.Release|Any CPU.ActiveCfg = Release|Any CPU
		{12396B70-B6C8-4E18-9592-4A9BF4988E56}.Release|Any CPU.Build.0 = Release|Any CPU
		{36F4639B-31A3-4139-80FB-C54B84EABD51}.Debug|Any CPU.ActiveCfg = Debug|Any CPU
		{36F4639B-31A3-4139-80FB-C54B84EABD51}.Debug|Any CPU.Build.0 = Debug|Any CPU
		{36F4639B-31A3-4139-80FB-C54B84EABD51}.Release|Any CPU.ActiveCfg = Release|Any CPU
		{36F4639B-31A3-4139-80FB-C54B84EABD51}.Release|Any CPU.Build.0 = Release|Any CPU
		{F433F48A-FA70-41EE-904B-55377C8EEBE7}.Debug|Any CPU.ActiveCfg = Debug|Any CPU
		{F433F48A-FA70-41EE-904B-55377C8EEBE7}.Debug|Any CPU.Build.0 = Debug|Any CPU
		{F433F48A-FA70-41EE-904B-55377C8EEBE7}.Release|Any CPU.ActiveCfg = Release|Any CPU
		{F433F48A-FA70-41EE-904B-55377C8EEBE7}.Release|Any CPU.Build.0 = Release|Any CPU
		{CF97EF95-3061-4023-BA78-B6477C3DA7D7}.Debug|Any CPU.ActiveCfg = Debug|Any CPU
		{CF97EF95-3061-4023-BA78-B6477C3DA7D7}.Debug|Any CPU.Build.0 = Debug|Any CPU
		{CF97EF95-3061-4023-BA78-B6477C3DA7D7}.Release|Any CPU.ActiveCfg = Release|Any CPU
		{CF97EF95-3061-4023-BA78-B6477C3DA7D7}.Release|Any CPU.Build.0 = Release|Any CPU
		{801DD953-041C-4224-A460-8570CDB0F359}.Debug|Any CPU.ActiveCfg = Debug|Any CPU
		{801DD953-041C-4224-A460-8570CDB0F359}.Debug|Any CPU.Build.0 = Debug|Any CPU
		{801DD953-041C-4224-A460-8570CDB0F359}.Release|Any CPU.ActiveCfg = Release|Any CPU
		{801DD953-041C-4224-A460-8570CDB0F359}.Release|Any CPU.Build.0 = Release|Any CPU
		{C4B2ABDB-5A25-4BD5-8E58-402F286BC53F}.Debug|Any CPU.ActiveCfg = Debug|Any CPU
		{C4B2ABDB-5A25-4BD5-8E58-402F286BC53F}.Debug|Any CPU.Build.0 = Debug|Any CPU
		{C4B2ABDB-5A25-4BD5-8E58-402F286BC53F}.Release|Any CPU.ActiveCfg = Release|Any CPU
		{C4B2ABDB-5A25-4BD5-8E58-402F286BC53F}.Release|Any CPU.Build.0 = Release|Any CPU
		{2239766C-21D6-4F89-B95B-CB97450A3BBA}.Debug|Any CPU.ActiveCfg = Debug|Any CPU
		{2239766C-21D6-4F89-B95B-CB97450A3BBA}.Debug|Any CPU.Build.0 = Debug|Any CPU
		{2239766C-21D6-4F89-B95B-CB97450A3BBA}.Release|Any CPU.ActiveCfg = Release|Any CPU
		{2239766C-21D6-4F89-B95B-CB97450A3BBA}.Release|Any CPU.Build.0 = Release|Any CPU
		{F52B747E-7EFD-401B-9010-456F7B87F515}.Debug|Any CPU.ActiveCfg = Debug|Any CPU
		{F52B747E-7EFD-401B-9010-456F7B87F515}.Debug|Any CPU.Build.0 = Debug|Any CPU
		{F52B747E-7EFD-401B-9010-456F7B87F515}.Release|Any CPU.ActiveCfg = Release|Any CPU
		{F52B747E-7EFD-401B-9010-456F7B87F515}.Release|Any CPU.Build.0 = Release|Any CPU
		{4C760B85-1D96-4356-8024-700CFD4B8EC1}.Debug|Any CPU.ActiveCfg = Debug|Any CPU
		{4C760B85-1D96-4356-8024-700CFD4B8EC1}.Debug|Any CPU.Build.0 = Debug|Any CPU
		{4C760B85-1D96-4356-8024-700CFD4B8EC1}.Release|Any CPU.ActiveCfg = Release|Any CPU
		{4C760B85-1D96-4356-8024-700CFD4B8EC1}.Release|Any CPU.Build.0 = Release|Any CPU
		{70CB5337-451B-4DD9-B94F-5EE9DF99D86C}.Debug|Any CPU.ActiveCfg = Debug|Any CPU
		{70CB5337-451B-4DD9-B94F-5EE9DF99D86C}.Debug|Any CPU.Build.0 = Debug|Any CPU
		{70CB5337-451B-4DD9-B94F-5EE9DF99D86C}.Release|Any CPU.ActiveCfg = Release|Any CPU
		{70CB5337-451B-4DD9-B94F-5EE9DF99D86C}.Release|Any CPU.Build.0 = Release|Any CPU
		{A8BF279F-DC57-4163-A422-E5B3641B516B}.Debug|Any CPU.ActiveCfg = Debug|Any CPU
		{A8BF279F-DC57-4163-A422-E5B3641B516B}.Debug|Any CPU.Build.0 = Debug|Any CPU
		{A8BF279F-DC57-4163-A422-E5B3641B516B}.Release|Any CPU.ActiveCfg = Release|Any CPU
		{A8BF279F-DC57-4163-A422-E5B3641B516B}.Release|Any CPU.Build.0 = Release|Any CPU
		{3EC64AA4-7C8D-4DE3-AC79-EBB2847F673D}.Debug|Any CPU.ActiveCfg = Debug|Any CPU
		{3EC64AA4-7C8D-4DE3-AC79-EBB2847F673D}.Debug|Any CPU.Build.0 = Debug|Any CPU
		{3EC64AA4-7C8D-4DE3-AC79-EBB2847F673D}.Release|Any CPU.ActiveCfg = Release|Any CPU
		{3EC64AA4-7C8D-4DE3-AC79-EBB2847F673D}.Release|Any CPU.Build.0 = Release|Any CPU
		{D77D68B5-0421-4ACE-A0E7-408AA602EAA5}.Debug|Any CPU.ActiveCfg = Debug|Any CPU
		{D77D68B5-0421-4ACE-A0E7-408AA602EAA5}.Debug|Any CPU.Build.0 = Debug|Any CPU
		{D77D68B5-0421-4ACE-A0E7-408AA602EAA5}.Release|Any CPU.ActiveCfg = Release|Any CPU
		{D77D68B5-0421-4ACE-A0E7-408AA602EAA5}.Release|Any CPU.Build.0 = Release|Any CPU
		{2FFE9C30-09D1-4C7C-A9EE-98E09ACE5DDA}.Debug|Any CPU.ActiveCfg = Debug|Any CPU
		{2FFE9C30-09D1-4C7C-A9EE-98E09ACE5DDA}.Debug|Any CPU.Build.0 = Debug|Any CPU
		{2FFE9C30-09D1-4C7C-A9EE-98E09ACE5DDA}.Release|Any CPU.ActiveCfg = Release|Any CPU
		{2FFE9C30-09D1-4C7C-A9EE-98E09ACE5DDA}.Release|Any CPU.Build.0 = Release|Any CPU
		{C8CCA3FD-35E2-4056-8D40-CE906DB54FFA}.Debug|Any CPU.ActiveCfg = Debug|Any CPU
		{C8CCA3FD-35E2-4056-8D40-CE906DB54FFA}.Debug|Any CPU.Build.0 = Debug|Any CPU
		{C8CCA3FD-35E2-4056-8D40-CE906DB54FFA}.Release|Any CPU.ActiveCfg = Release|Any CPU
		{C8CCA3FD-35E2-4056-8D40-CE906DB54FFA}.Release|Any CPU.Build.0 = Release|Any CPU
	EndGlobalSection
	GlobalSection(NestedProjects) = preSolution
		{2492F6AE-6DF1-4CE4-9563-65B679622859} = {55A55386-F025-4D8B-8CBD-717F74FE5A0F}
		{0B74AB67-89B5-409F-A54C-85B2FC208BDD} = {55A55386-F025-4D8B-8CBD-717F74FE5A0F}
		{EC81F4A3-F2C9-4891-A713-4D3DB803D299} = {0B74AB67-89B5-409F-A54C-85B2FC208BDD}
		{4A2194FF-CF53-4500-8006-CCA1DC8340CC} = {0B74AB67-89B5-409F-A54C-85B2FC208BDD}
		{A2BCC2DD-6BB1-49A2-ADC7-0D75F20A4D45} = {2492F6AE-6DF1-4CE4-9563-65B679622859}
		{2B83B30B-B67F-4EC5-9574-378B7E40DF54} = {2492F6AE-6DF1-4CE4-9563-65B679622859}
		{F2736E3A-C621-4ED6-830C-8074A71DFCC2} = {2492F6AE-6DF1-4CE4-9563-65B679622859}
		{CE4911AF-FEB8-4B19-8AB8-7AE3AFA78AEE} = {EC81F4A3-F2C9-4891-A713-4D3DB803D299}
		{501887F8-E61B-4C84-A6BF-494475481EB6} = {4A2194FF-CF53-4500-8006-CCA1DC8340CC}
		{E44EC742-22FA-43D1-9534-5CBB3E7B9633} = {4A2194FF-CF53-4500-8006-CCA1DC8340CC}
		{19F1509B-82F7-43AE-9D6A-8C8245031426} = {4A2194FF-CF53-4500-8006-CCA1DC8340CC}
		{D7AEC900-E648-4D6A-8BA6-84ECFF77FB63} = {EC81F4A3-F2C9-4891-A713-4D3DB803D299}
		{99EC41F4-BB8F-40A9-9916-A26C645B9A1A} = {EC81F4A3-F2C9-4891-A713-4D3DB803D299}
		{6F88A2D2-4CDA-48E9-8464-068D53F162E6} = {3FC5EC22-2BC2-4E52-832D-595FC7A82F8B}
		{5251BDCB-7991-4DFC-8664-DD54895D8B58} = {3FC5EC22-2BC2-4E52-832D-595FC7A82F8B}
		{12396B70-B6C8-4E18-9592-4A9BF4988E56} = {6F88A2D2-4CDA-48E9-8464-068D53F162E6}
		{36F4639B-31A3-4139-80FB-C54B84EABD51} = {6F88A2D2-4CDA-48E9-8464-068D53F162E6}
		{F433F48A-FA70-41EE-904B-55377C8EEBE7} = {6F88A2D2-4CDA-48E9-8464-068D53F162E6}
		{B2C292F3-FBBD-4B35-934E-71D7245FD0C5} = {5251BDCB-7991-4DFC-8664-DD54895D8B58}
		{E3C19CC9-94EF-4250-B57D-EB792736F346} = {5251BDCB-7991-4DFC-8664-DD54895D8B58}
		{CF97EF95-3061-4023-BA78-B6477C3DA7D7} = {B2C292F3-FBBD-4B35-934E-71D7245FD0C5}
		{801DD953-041C-4224-A460-8570CDB0F359} = {B2C292F3-FBBD-4B35-934E-71D7245FD0C5}
		{C4B2ABDB-5A25-4BD5-8E58-402F286BC53F} = {B2C292F3-FBBD-4B35-934E-71D7245FD0C5}
		{2239766C-21D6-4F89-B95B-CB97450A3BBA} = {E3C19CC9-94EF-4250-B57D-EB792736F346}
		{F52B747E-7EFD-401B-9010-456F7B87F515} = {E3C19CC9-94EF-4250-B57D-EB792736F346}
		{4C760B85-1D96-4356-8024-700CFD4B8EC1} = {E3C19CC9-94EF-4250-B57D-EB792736F346}
		{A7AB5F51-3663-4BEB-BC2F-B390F5E48912} = {ADC95F3A-47AB-433A-A865-E6FB784E263D}
		{A5752B69-E0EB-44DE-AA3B-DDE074AB3390} = {A7AB5F51-3663-4BEB-BC2F-B390F5E48912}
		{70CB5337-451B-4DD9-B94F-5EE9DF99D86C} = {A5752B69-E0EB-44DE-AA3B-DDE074AB3390}
		{A8BF279F-DC57-4163-A422-E5B3641B516B} = {A5752B69-E0EB-44DE-AA3B-DDE074AB3390}
		{3EC64AA4-7C8D-4DE3-AC79-EBB2847F673D} = {A5752B69-E0EB-44DE-AA3B-DDE074AB3390}
		{EF4F8B49-000D-42BE-A0F9-F6C38894E760} = {A7AB5F51-3663-4BEB-BC2F-B390F5E48912}
		{D77D68B5-0421-4ACE-A0E7-408AA602EAA5} = {EF4F8B49-000D-42BE-A0F9-F6C38894E760}
		{2FFE9C30-09D1-4C7C-A9EE-98E09ACE5DDA} = {EF4F8B49-000D-42BE-A0F9-F6C38894E760}
		{C8CCA3FD-35E2-4056-8D40-CE906DB54FFA} = {EF4F8B49-000D-42BE-A0F9-F6C38894E760}
	EndGlobalSection
EndGlobal
